
Microsoft Visual Studio Solution File, Format Version 12.00
# Visual Studio 2013
VisualStudioVersion = 12.0.30501.0
MinimumVisualStudioVersion = 10.0.40219.1
Project("{FAE04EC0-301F-11D3-BF4B-00C04F79EFBC}") = "ForgotPassword", "ForgotPassword\ForgotPassword.csproj", "{F35306CE-DB7B-40AF-9EC5-1C61D87355EE}"
EndProject
Project("{FAE04EC0-301F-11D3-BF4B-00C04F79EFBC}") = "ForgotPasswordTryIt", "ForgotPasswordTryIt\ForgotPasswordTryIt.csproj", "{3D11F24C-8085-4F48-9543-F7BD8EB2F2CA}"
	ProjectSection(ProjectDependencies) = postProject
		{F35306CE-DB7B-40AF-9EC5-1C61D87355EE} = {F35306CE-DB7B-40AF-9EC5-1C61D87355EE}
	EndProjectSection
EndProject
Global
	GlobalSection(SolutionConfigurationPlatforms) = preSolution
		Debug|Any CPU = Debug|Any CPU
		Release|Any CPU = Release|Any CPU
	EndGlobalSection
	GlobalSection(ProjectConfigurationPlatforms) = postSolution
		{F35306CE-DB7B-40AF-9EC5-1C61D87355EE}.Debug|Any CPU.ActiveCfg = Debug|Any CPU
		{F35306CE-DB7B-40AF-9EC5-1C61D87355EE}.Debug|Any CPU.Build.0 = Debug|Any CPU
		{F35306CE-DB7B-40AF-9EC5-1C61D87355EE}.Release|Any CPU.ActiveCfg = Release|Any CPU
		{F35306CE-DB7B-40AF-9EC5-1C61D87355EE}.Release|Any CPU.Build.0 = Release|Any CPU
		{3D11F24C-8085-4F48-9543-F7BD8EB2F2CA}.Debug|Any CPU.ActiveCfg = Debug|Any CPU
		{3D11F24C-8085-4F48-9543-F7BD8EB2F2CA}.Debug|Any CPU.Build.0 = Debug|Any CPU
		{3D11F24C-8085-4F48-9543-F7BD8EB2F2CA}.Release|Any CPU.ActiveCfg = Release|Any CPU
		{3D11F24C-8085-4F48-9543-F7BD8EB2F2CA}.Release|Any CPU.Build.0 = Release|Any CPU
	EndGlobalSection
	GlobalSection(SolutionProperties) = preSolution
		HideSolutionNode = FALSE
	EndGlobalSection
EndGlobal
